<?xml version="1.0" encoding="utf-8"?>
<Project ToolsVersion="4.0" xmlns="http://schemas.microsoft.com/developer/msbuild/2003">
  <ItemGroup>
    <Filter Include="Source Files">
      <UniqueIdentifier>{4FC737F1-C7A5-4376-A066-2A32D752A2FF}</UniqueIdentifier>
      <Extensions>cpp;c;cc;cxx;def;odl;idl;hpj;bat;asm;asmx</Extensions>
    </Filter>
    <Filter Include="Header Files">
      <UniqueIdentifier>{93995380-89BD-4b04-88EB-625FBE52EBFB}</UniqueIdentifier>
      <Extensions>h;hpp;hxx;hm;inl;inc;xsd</Extensions>
    </Filter>
    <Filter Include="Resource Files">
      <UniqueIdentifier>{67DA6AB6-F800-4c08-8B7A-83BB121AAD01}</UniqueIdentifier>
      <Extensions>rc;ico;cur;bmp;dlg;rc2;rct;bin;rgs;gif;jpg;jpeg;jpe;resx;tiff;tif;png;wav;mfcribbon-ms</Extensions>
    </Filter>
    <Filter Include="System">
      <UniqueIdentifier>{e3d9e273-64cb-4042-be5b-2f7a64928591}</UniqueIdentifier>
    </Filter>
    <Filter Include="Render">
      <UniqueIdentifier>{f68d18db-6a9b-46f9-8f4e-509a40f508c0}</UniqueIdentifier>
    </Filter>
    <Filter Include="Input">
      <UniqueIdentifier>{33d13f74-56d5-4675-9b05-75fd94f1db84}</UniqueIdentifier>
    </Filter>
    <Filter Include="Geometry">
      <UniqueIdentifier>{86da2d12-7f70-4638-a6c7-9cdaa1e095b9}</UniqueIdentifier>
    </Filter>
  </ItemGroup>
  <ItemGroup>
    <ClCompile Include="..\..\Code\main.cpp">
      <Filter>Source Files</Filter>
    </ClCompile>
    <ClCompile Include="..\..\Code\System\System.cpp">
      <Filter>System</Filter>
    </ClCompile>
    <ClCompile Include="..\..\Code\Input\Input.cpp">
      <Filter>Input</Filter>
    </ClCompile>
    <ClCompile Include="..\..\Code\Render\Graphics.cpp">
      <Filter>Render</Filter>
    </ClCompile>
    <ClCompile Include="..\..\Code\Render\DX11Render.cpp">
      <Filter>Render</Filter>
    </ClCompile>
    <ClCompile Include="..\..\Code\Geometry\Triangle.cpp">
      <Filter>Geometry</Filter>
    </ClCompile>
    <ClCompile Include="..\..\Code\Render\ColorShader.cpp">
      <Filter>Render</Filter>
    </ClCompile>
  </ItemGroup>
  <ItemGroup>
    <ClInclude Include="..\..\Code\System\System.h">
      <Filter>System</Filter>
    </ClInclude>
    <ClInclude Include="..\..\Code\Input\Input.h">
      <Filter>Input</Filter>
    </ClInclude>
    <ClInclude Include="..\..\Code\Render\Graphics.h">
      <Filter>Render</Filter>
    </ClInclude>
    <ClInclude Include="..\..\Code\Render\IRender.h">
      <Filter>Render</Filter>
    </ClInclude>
    <ClInclude Include="..\..\Code\Render\DX11Render.h">
      <Filter>Render</Filter>
    </ClInclude>
    <ClInclude Include="..\..\Code\Geometry\Triangle.h">
      <Filter>Geometry</Filter>
    </ClInclude>
    <ClInclude Include="..\..\Code\Render\ColorShader.h">
      <Filter>Render</Filter>
    </ClInclude>
  </ItemGroup>
</Project>